
Microsoft Visual Studio Solution File, Format Version 12.00
# Visual Studio Version 17
VisualStudioVersion = 17.14.36429.23 d17.14
MinimumVisualStudioVersion = 10.0.40219.1
Project("{888888A0-9F3D-457C-B088-3A5042F75D52}") = "kiwi_project", "kiwi_project\kiwi_project.pyproj", "{6C19C470-E180-4BE3-B261-E58DA93F39B6}"
EndProject
Global
	GlobalSection(SolutionConfigurationPlatforms) = preSolution
		Debug|Any CPU = Debug|Any CPU
		Release|Any CPU = Release|Any CPU
	EndGlobalSection
	GlobalSection(ProjectConfigurationPlatforms) = postSolution
		{6C19C470-E180-4BE3-B261-E58DA93F39B6}.Debug|Any CPU.ActiveCfg = Debug|Any CPU
		{6C19C470-E180-4BE3-B261-E58DA93F39B6}.Release|Any CPU.ActiveCfg = Release|Any CPU
	EndGlobalSection
	GlobalSection(SolutionProperties) = preSolution
		HideSolutionNode = FALSE
	EndGlobalSection
	GlobalSection(ExtensibilityGlobals) = postSolution
		SolutionGuid = {DA84173F-F92A-4228-8136-7832947BAE49}
	EndGlobalSection
EndGlobal
